// !$*UTF8*$!
{
	archiveVersion = 1;
	classes = {
	};
	objectVersion = 55;
	objects = {

/* Begin PBXBuildFile section */
		6222B53F28AAA83D0046DFA1 /* View.swift in Sources */ = {isa = PBXBuildFile; fileRef = 6222B53E28AAA83D0046DFA1 /* View.swift */; };
		62C556B328AA5D6E005EB852 /* AppDelegate.swift in Sources */ = {isa = PBXBuildFile; fileRef = 62C556B228AA5D6E005EB852 /* AppDelegate.swift */; };
		62C556B528AA5D6E005EB852 /* SceneDelegate.swift in Sources */ = {isa = PBXBuildFile; fileRef = 62C556B428AA5D6E005EB852 /* SceneDelegate.swift */; };
		62C556B728AA5D6E005EB852 /* ViewController.swift in Sources */ = {isa = PBXBuildFile; fileRef = 62C556B628AA5D6E005EB852 /* ViewController.swift */; };
		62C556BC28AA5D70005EB852 /* Assets.xcassets in Resources */ = {isa = PBXBuildFile; fileRef = 62C556BB28AA5D70005EB852 /* Assets.xcassets */; };
		62C556BF28AA5D70005EB852 /* LaunchScreen.storyboard in Resources */ = {isa = PBXBuildFile; fileRef = 62C556BD28AA5D70005EB852 /* LaunchScreen.storyboard */; };
		62C556CA28AA5D71005EB852 /* xylophoneTests.swift in Sources */ = {isa = PBXBuildFile; fileRef = 62C556C928AA5D71005EB852 /* xylophoneTests.swift */; };
		62C556D428AA5D71005EB852 /* xylophoneUITests.swift in Sources */ = {isa = PBXBuildFile; fileRef = 62C556D328AA5D71005EB852 /* xylophoneUITests.swift */; };
		62C556D628AA5D71005EB852 /* xylophoneUITestsLaunchTests.swift in Sources */ = {isa = PBXBuildFile; fileRef = 62C556D528AA5D71005EB852 /* xylophoneUITestsLaunchTests.swift */; };
/* End PBXBuildFile section */

/* Begin PBXContainerItemProxy section */
		62C556C628AA5D71005EB852 /* PBXContainerItemProxy */ = {
			isa = PBXContainerItemProxy;
			containerPortal = 62C556A728AA5D6E005EB852 /* Project object */;
			proxyType = 1;
			remoteGlobalIDString = 62C556AE28AA5D6E005EB852;
			remoteInfo = xylophone;
		};
		62C556D028AA5D71005EB852 /* PBXContainerItemProxy */ = {
			isa = PBXContainerItemProxy;
			containerPortal = 62C556A728AA5D6E005EB852 /* Project object */;
			proxyType = 1;
			remoteGlobalIDString = 62C556AE28AA5D6E005EB852;
			remoteInfo = xylophone;
		};
/* End PBXContainerItemProxy section */

/* Begin PBXFileReference section */
		6222B53E28AAA83D0046DFA1 /* View.swift */ = {isa = PBXFileReference; lastKnownFileType = sourcecode.swift; path = View.swift; sourceTree = "<group>"; };
		62C556AF28AA5D6E005EB852 /* xylophone.app */ = {isa = PBXFileReference; explicitFileType = wrapper.application; includeInIndex = 0; path = xylophone.app; sourceTree = BUILT_PRODUCTS_DIR; };
		62C556B228AA5D6E005EB852 /* AppDelegate.swift */ = {isa = PBXFileReference; lastKnownFileType = sourcecode.swift; path = AppDelegate.swift; sourceTree = "<group>"; };
		62C556B428AA5D6E005EB852 /* SceneDelegate.swift */ = {isa = PBXFileReference; lastKnownFileType = sourcecode.swift; path = SceneDelegate.swift; sourceTree = "<group>"; };
		62C556B628AA5D6E005EB852 /* ViewController.swift */ = {isa = PBXFileReference; lastKnownFileType = sourcecode.swift; path = ViewController.swift; sourceTree = "<group>"; };
		62C556BB28AA5D70005EB852 /* Assets.xcassets */ = {isa = PBXFileReference; lastKnownFileType = folder.assetcatalog; path = Assets.xcassets; sourceTree = "<group>"; };
		62C556BE28AA5D70005EB852 /* Base */ = {isa = PBXFileReference; lastKnownFileType = file.storyboard; name = Base; path = Base.lproj/LaunchScreen.storyboard; sourceTree = "<group>"; };
		62C556C028AA5D70005EB852 /* Info.plist */ = {isa = PBXFileReference; lastKnownFileType = text.plist.xml; path = Info.plist; sourceTree = "<group>"; };
		62C556C528AA5D71005EB852 /* xylophoneTests.xctest */ = {isa = PBXFileReference; explicitFileType = wrapper.cfbundle; includeInIndex = 0; path = xylophoneTests.xctest; sourceTree = BUILT_PRODUCTS_DIR; };
		62C556C928AA5D71005EB852 /* xylophoneTests.swift */ = {isa = PBXFileReference; lastKnownFileType = sourcecode.swift; path = xylophoneTests.swift; sourceTree = "<group>"; };
		62C556CF28AA5D71005EB852 /* xylophoneUITests.xctest */ = {isa = PBXFileReference; explicitFileType = wrapper.cfbundle; includeInIndex = 0; path = xylophoneUITests.xctest; sourceTree = BUILT_PRODUCTS_DIR; };
		62C556D328AA5D71005EB852 /* xylophoneUITests.swift */ = {isa = PBXFileReference; lastKnownFileType = sourcecode.swift; path = xylophoneUITests.swift; sourceTree = "<group>"; };
		62C556D528AA5D71005EB852 /* xylophoneUITestsLaunchTests.swift */ = {isa = PBXFileReference; lastKnownFileType = sourcecode.swift; path = xylophoneUITestsLaunchTests.swift; sourceTree = "<group>"; };
/* End PBXFileReference section */

/* Begin PBXFrameworksBuildPhase section */
		62C556AC28AA5D6E005EB852 /* Frameworks */ = {
			isa = PBXFrameworksBuildPhase;
			buildActionMask = 2147483647;
			files = (
			);
			runOnlyForDeploymentPostprocessing = 0;
		};
		62C556C228AA5D71005EB852 /* Frameworks */ = {
			isa = PBXFrameworksBuildPhase;
			buildActionMask = 2147483647;
			files = (
			);
			runOnlyForDeploymentPostprocessing = 0;
		};
		62C556CC28AA5D71005EB852 /* Frameworks */ = {
			isa = PBXFrameworksBuildPhase;
			buildActionMask = 2147483647;
			files = (
			);
			runOnlyForDeploymentPostprocessing = 0;
		};
/* End PBXFrameworksBuildPhase section */

/* Begin PBXGroup section */
		6222B53B28AAA7C00046DFA1 /* View */ = {
			isa = PBXGroup;
			children = (
				6222B53E28AAA83D0046DFA1 /* View.swift */,
			);
			path = View;
			sourceTree = "<group>";
		};
		62C556A628AA5D6E005EB852 = {
			isa = PBXGroup;
			children = (
				62C556B128AA5D6E005EB852 /* xylophone */,
				62C556C828AA5D71005EB852 /* xylophoneTests */,
				62C556D228AA5D71005EB852 /* xylophoneUITests */,
				62C556B028AA5D6E005EB852 /* Products */,
			);
			sourceTree = "<group>";
		};
		62C556B028AA5D6E005EB852 /* Products */ = {
			isa = PBXGroup;
			children = (
				62C556AF28AA5D6E005EB852 /* xylophone.app */,
				62C556C528AA5D71005EB852 /* xylophoneTests.xctest */,
				62C556CF28AA5D71005EB852 /* xylophoneUITests.xctest */,
			);
			name = Products;
			sourceTree = "<group>";
		};
		62C556B128AA5D6E005EB852 /* xylophone */ = {
			isa = PBXGroup;
			children = (
				6222B53B28AAA7C00046DFA1 /* View */,
				62C556B228AA5D6E005EB852 /* AppDelegate.swift */,
				62C556B428AA5D6E005EB852 /* SceneDelegate.swift */,
				62C556B628AA5D6E005EB852 /* ViewController.swift */,
				62C556BB28AA5D70005EB852 /* Assets.xcassets */,
				62C556BD28AA5D70005EB852 /* LaunchScreen.storyboard */,
				62C556C028AA5D70005EB852 /* Info.plist */,
			);
			path = xylophone;
			sourceTree = "<group>";
		};
		62C556C828AA5D71005EB852 /* xylophoneTests */ = {
			isa = PBXGroup;
			children = (
				62C556C928AA5D71005EB852 /* xylophoneTests.swift */,
			);
			path = xylophoneTests;
			sourceTree = "<group>";
		};
		62C556D228AA5D71005EB852 /* xylophoneUITests */ = {
			isa = PBXGroup;
			children = (
				62C556D328AA5D71005EB852 /* xylophoneUITests.swift */,
				62C556D528AA5D71005EB852 /* xylophoneUITestsLaunchTests.swift */,
			);
			path = xylophoneUITests;
			sourceTree = "<group>";
		};
/* End PBXGroup section */

/* Begin PBXNativeTarget section */
		62C556AE28AA5D6E005EB852 /* xylophone */ = {
			isa = PBXNativeTarget;
			buildConfigurationList = 62C556D928AA5D71005EB852 /* Build configuration list for PBXNativeTarget "xylophone" */;
			buildPhases = (
				62C556AB28AA5D6E005EB852 /* Sources */,
				62C556AC28AA5D6E005EB852 /* Frameworks */,
				62C556AD28AA5D6E005EB852 /* Resources */,
			);
			buildRules = (
			);
			dependencies = (
			);
			name = xylophone;
			productName = xylophone;
			productReference = 62C556AF28AA5D6E005EB852 /* xylophone.app */;
			productType = "com.apple.product-type.application";
		};
		62C556C428AA5D71005EB852 /* xylophoneTests */ = {
			isa = PBXNativeTarget;
			buildConfigurationList = 62C556DC28AA5D71005EB852 /* Build configuration list for PBXNativeTarget "xylophoneTests" */;
			buildPhases = (
				62C556C128AA5D71005EB852 /* Sources */,
				62C556C228AA5D71005EB852 /* Frameworks */,
				62C556C328AA5D71005EB852 /* Resources */,
			);
			buildRules = (
			);
			dependencies = (
				62C556C728AA5D71005EB852 /* PBXTargetDependency */,
			);
			name = xylophoneTests;
			productName = xylophoneTests;
			productReference = 62C556C528AA5D71005EB852 /* xylophoneTests.xctest */;
			productType = "com.apple.product-type.bundle.unit-test";
		};
		62C556CE28AA5D71005EB852 /* xylophoneUITests */ = {
			isa = PBXNativeTarget;
			buildConfigurationList = 62C556DF28AA5D71005EB852 /* Build configuration list for PBXNativeTarget "xylophoneUITests" */;
			buildPhases = (
				62C556CB28AA5D71005EB852 /* Sources */,
				62C556CC28AA5D71005EB852 /* Frameworks */,
				62C556CD28AA5D71005EB852 /* Resources */,
			);
			buildRules = (
			);
			dependencies = (
				62C556D128AA5D71005EB852 /* PBXTargetDependency */,
			);
			name = xylophoneUITests;
			productName = xylophoneUITests;
			productReference = 62C556CF28AA5D71005EB852 /* xylophoneUITests.xctest */;
			productType = "com.apple.product-type.bundle.ui-testing";
		};
/* End PBXNativeTarget section */

/* Begin PBXProject section */
		62C556A728AA5D6E005EB852 /* Project object */ = {
			isa = PBXProject;
			attributes = {
				BuildIndependentTargetsInParallel = 1;
				LastSwiftUpdateCheck = 1340;
				LastUpgradeCheck = 1340;
				TargetAttributes = {
					62C556AE28AA5D6E005EB852 = {
						CreatedOnToolsVersion = 13.4.1;
					};
					62C556C428AA5D71005EB852 = {
						CreatedOnToolsVersion = 13.4.1;
						TestTargetID = 62C556AE28AA5D6E005EB852;
					};
					62C556CE28AA5D71005EB852 = {
						CreatedOnToolsVersion = 13.4.1;
						TestTargetID = 62C556AE28AA5D6E005EB852;
					};
				};
			};
			buildConfigurationList = 62C556AA28AA5D6E005EB852 /* Build configuration list for PBXProject "xylophone" */;
			compatibilityVersion = "Xcode 13.0";
			developmentRegion = en;
			hasScannedForEncodings = 0;
			knownRegions = (
				en,
				Base,
			);
			mainGroup = 62C556A628AA5D6E005EB852;
			productRefGroup = 62C556B028AA5D6E005EB852 /* Products */;
			projectDirPath = "";
			projectRoot = "";
			targets = (
				62C556AE28AA5D6E005EB852 /* xylophone */,
				62C556C428AA5D71005EB852 /* xylophoneTests */,
				62C556CE28AA5D71005EB852 /* xylophoneUITests */,
			);
		};
/* End PBXProject section */

/* Begin PBXResourcesBuildPhase section */
		62C556AD28AA5D6E005EB852 /* Resources */ = {
			isa = PBXResourcesBuildPhase;
			buildActionMask = 2147483647;
			files = (
				62C556BF28AA5D70005EB852 /* LaunchScreen.storyboard in Resources */,
				62C556BC28AA5D70005EB852 /* Assets.xcassets in Resources */,
			);
			runOnlyForDeploymentPostprocessing = 0;
		};
		62C556C328AA5D71005EB852 /* Resources */ = {
			isa = PBXResourcesBuildPhase;
			buildActionMask = 2147483647;
			files = (
			);
			runOnlyForDeploymentPostprocessing = 0;
		};
		62C556CD28AA5D71005EB852 /* Resources */ = {
			isa = PBXResourcesBuildPhase;
			buildActionMask = 2147483647;
			files = (
			);
			runOnlyForDeploymentPostprocessing = 0;
		};
/* End PBXResourcesBuildPhase section */

/* Begin PBXSourcesBuildPhase section */
		62C556AB28AA5D6E005EB852 /* Sources */ = {
			isa = PBXSourcesBuildPhase;
			buildActionMask = 2147483647;
			files = (
				6222B53F28AAA83D0046DFA1 /* View.swift in Sources */,
				62C556B728AA5D6E005EB852 /* ViewController.swift in Sources */,
				62C556B328AA5D6E005EB852 /* AppDelegate.swift in Sources */,
				62C556B528AA5D6E005EB852 /* SceneDelegate.swift in Sources */,
			);
			runOnlyForDeploymentPostprocessing = 0;
		};
		62C556C128AA5D71005EB852 /* Sources */ = {
			isa = PBXSourcesBuildPhase;
			buildActionMask = 2147483647;
			files = (
				62C556CA28AA5D71005EB852 /* xylophoneTests.swift in Sources */,
			);
			runOnlyForDeploymentPostprocessing = 0;
		};
		62C556CB28AA5D71005EB852 /* Sources */ = {
			isa = PBXSourcesBuildPhase;
			buildActionMask = 2147483647;
			files = (
				62C556D428AA5D71005EB852 /* xylophoneUITests.swift in Sources */,
				62C556D628AA5D71005EB852 /* xylophoneUITestsLaunchTests.swift in Sources */,
			);
			runOnlyForDeploymentPostprocessing = 0;
		};
/* End PBXSourcesBuildPhase section */

/* Begin PBXTargetDependency section */
		62C556C728AA5D71005EB852 /* PBXTargetDependency */ = {
			isa = PBXTargetDependency;
			target = 62C556AE28AA5D6E005EB852 /* xylophone */;
			targetProxy = 62C556C628AA5D71005EB852 /* PBXContainerItemProxy */;
		};
		62C556D128AA5D71005EB852 /* PBXTargetDependency */ = {
			isa = PBXTargetDependency;
			target = 62C556AE28AA5D6E005EB852 /* xylophone */;
			targetProxy = 62C556D028AA5D71005EB852 /* PBXContainerItemProxy */;
		};
/* End PBXTargetDependency section */

/* Begin PBXVariantGroup section */
		62C556BD28AA5D70005EB852 /* LaunchScreen.storyboard */ = {
			isa = PBXVariantGroup;
			children = (
				62C556BE28AA5D70005EB852 /* Base */,
			);
			name = LaunchScreen.storyboard;
			sourceTree = "<group>";
		};
/* End PBXVariantGroup section */

/* Begin XCBuildConfiguration section */
		62C556D728AA5D71005EB852 /* Debug */ = {
			isa = XCBuildConfiguration;
			buildSettings = {
				ALWAYS_SEARCH_USER_PATHS = NO;
				CLANG_ANALYZER_NONNULL = YES;
				CLANG_ANALYZER_NUMBER_OBJECT_CONVERSION = YES_AGGRESSIVE;
				CLANG_CXX_LANGUAGE_STANDARD = "gnu++17";
				CLANG_ENABLE_MODULES = YES;
				CLANG_ENABLE_OBJC_ARC = YES;
				CLANG_ENABLE_OBJC_WEAK = YES;
				CLANG_WARN_BLOCK_CAPTURE_AUTORELEASING = YES;
				CLANG_WARN_BOOL_CONVERSION = YES;
				CLANG_WARN_COMMA = YES;
				CLANG_WARN_CONSTANT_CONVERSION = YES;
				CLANG_WARN_DEPRECATED_OBJC_IMPLEMENTATIONS = YES;
				CLANG_WARN_DIRECT_OBJC_ISA_USAGE = YES_ERROR;
				CLANG_WARN_DOCUMENTATION_COMMENTS = YES;
				CLANG_WARN_EMPTY_BODY = YES;
				CLANG_WARN_ENUM_CONVERSION = YES;
				CLANG_WARN_INFINITE_RECURSION = YES;
				CLANG_WARN_INT_CONVERSION = YES;
				CLANG_WARN_NON_LITERAL_NULL_CONVERSION = YES;
				CLANG_WARN_OBJC_IMPLICIT_RETAIN_SELF = YES;
				CLANG_WARN_OBJC_LITERAL_CONVERSION = YES;
				CLANG_WARN_OBJC_ROOT_CLASS = YES_ERROR;
				CLANG_WARN_QUOTED_INCLUDE_IN_FRAMEWORK_HEADER = YES;
				CLANG_WARN_RANGE_LOOP_ANALYSIS = YES;
				CLANG_WARN_STRICT_PROTOTYPES = YES;
				CLANG_WARN_SUSPICIOUS_MOVE = YES;
				CLANG_WARN_UNGUARDED_AVAILABILITY = YES_AGGRESSIVE;
				CLANG_WARN_UNREACHABLE_CODE = YES;
				CLANG_WARN__DUPLICATE_METHOD_MATCH = YES;
				COPY_PHASE_STRIP = NO;
				DEBUG_INFORMATION_FORMAT = dwarf;
				ENABLE_STRICT_OBJC_MSGSEND = YES;
				ENABLE_TESTABILITY = YES;
				GCC_C_LANGUAGE_STANDARD = gnu11;
				GCC_DYNAMIC_NO_PIC = NO;
				GCC_NO_COMMON_BLOCKS = YES;
				GCC_OPTIMIZATION_LEVEL = 0;
				GCC_PREPROCESSOR_DEFINITIONS = (
					"DEBUG=1",
					"$(inherited)",
				);
				GCC_WARN_64_TO_32_BIT_CONVERSION = YES;
				GCC_WARN_ABOUT_RETURN_TYPE = YES_ERROR;
				GCC_WARN_UNDECLARED_SELECTOR = YES;
				GCC_WARN_UNINITIALIZED_AUTOS = YES_AGGRESSIVE;
				GCC_WARN_UNUSED_FUNCTION = YES;
				GCC_WARN_UNUSED_VARIABLE = YES;
				IPHONEOS_DEPLOYMENT_TARGET = 15.5;
				MTL_ENABLE_DEBUG_INFO = INCLUDE_SOURCE;
				MTL_FAST_MATH = YES;
				ONLY_ACTIVE_ARCH = YES;
				SDKROOT = iphoneos;
				SWIFT_ACTIVE_COMPILATION_CONDITIONS = DEBUG;
				SWIFT_OPTIMIZATION_LEVEL = "-Onone";
			};
			name = Debug;
		};
		62C556D828AA5D71005EB852 /* Release */ = {
			isa = XCBuildConfiguration;
			buildSettings = {
				ALWAYS_SEARCH_USER_PATHS = NO;
				CLANG_ANALYZER_NONNULL = YES;
				CLANG_ANALYZER_NUMBER_OBJECT_CONVERSION = YES_AGGRESSIVE;
				CLANG_CXX_LANGUAGE_STANDARD = "gnu++17";
				CLANG_ENABLE_MODULES = YES;
				CLANG_ENABLE_OBJC_ARC = YES;
				CLANG_ENABLE_OBJC_WEAK = YES;
				CLANG_WARN_BLOCK_CAPTURE_AUTORELEASING = YES;
				CLANG_WARN_BOOL_CONVERSION = YES;
				CLANG_WARN_COMMA = YES;
				CLANG_WARN_CONSTANT_CONVERSION = YES;
				CLANG_WARN_DEPRECATED_OBJC_IMPLEMENTATIONS = YES;
				CLANG_WARN_DIRECT_OBJC_ISA_USAGE = YES_ERROR;
				CLANG_WARN_DOCUMENTATION_COMMENTS = YES;
				CLANG_WARN_EMPTY_BODY = YES;
				CLANG_WARN_ENUM_CONVERSION = YES;
				CLANG_WARN_INFINITE_RECURSION = YES;
				CLANG_WARN_INT_CONVERSION = YES;
				CLANG_WARN_NON_LITERAL_NULL_CONVERSION = YES;
				CLANG_WARN_OBJC_IMPLICIT_RETAIN_SELF = YES;
				CLANG_WARN_OBJC_LITERAL_CONVERSION = YES;
				CLANG_WARN_OBJC_ROOT_CLASS = YES_ERROR;
				CLANG_WARN_QUOTED_INCLUDE_IN_FRAMEWORK_HEADER = YES;
				CLANG_WARN_RANGE_LOOP_ANALYSIS = YES;
				CLANG_WARN_STRICT_PROTOTYPES = YES;
				CLANG_WARN_SUSPICIOUS_MOVE = YES;
				CLANG_WARN_UNGUARDED_AVAILABILITY = YES_AGGRESSIVE;
				CLANG_WARN_UNREACHABLE_CODE = YES;
				CLANG_WARN__DUPLICATE_METHOD_MATCH = YES;
				COPY_PHASE_STRIP = NO;
				DEBUG_INFORMATION_FORMAT = "dwarf-with-dsym";
				ENABLE_NS_ASSERTIONS = NO;
				ENABLE_STRICT_OBJC_MSGSEND = YES;
				GCC_C_LANGUAGE_STANDARD = gnu11;
				GCC_NO_COMMON_BLOCKS = YES;
				GCC_WARN_64_TO_32_BIT_CONVERSION = YES;
				GCC_WARN_ABOUT_RETURN_TYPE = YES_ERROR;
				GCC_WARN_UNDECLARED_SELECTOR = YES;
				GCC_WARN_UNINITIALIZED_AUTOS = YES_AGGRESSIVE;
				GCC_WARN_UNUSED_FUNCTION = YES;
				GCC_WARN_UNUSED_VARIABLE = YES;
				IPHONEOS_DEPLOYMENT_TARGET = 15.5;
				MTL_ENABLE_DEBUG_INFO = NO;
				MTL_FAST_MATH = YES;
				SDKROOT = iphoneos;
				SWIFT_COMPILATION_MODE = wholemodule;
				SWIFT_OPTIMIZATION_LEVEL = "-O";
				VALIDATE_PRODUCT = YES;
			};
			name = Release;
		};
		62C556DA28AA5D71005EB852 /* Debug */ = {
			isa = XCBuildConfiguration;
			buildSettings = {
				ASSETCATALOG_COMPILER_APPICON_NAME = AppIcon;
				ASSETCATALOG_COMPILER_GLOBAL_ACCENT_COLOR_NAME = AccentColor;
				CODE_SIGN_STYLE = Automatic;
				CURRENT_PROJECT_VERSION = 1;
				GENERATE_INFOPLIST_FILE = YES;
				INFOPLIST_FILE = xylophone/Info.plist;
				INFOPLIST_KEY_UIApplicationSupportsIndirectInputEvents = YES;
				INFOPLIST_KEY_UILaunchStoryboardName = LaunchScreen;
				INFOPLIST_KEY_UISupportedInterfaceOrientations_iPad = "UIInterfaceOrientationPortrait UIInterfaceOrientationPortraitUpsideDown UIInterfaceOrientationLandscapeLeft UIInterfaceOrientationLandscapeRight";
				INFOPLIST_KEY_UISupportedInterfaceOrientations_iPhone = "UIInterfaceOrientationPortrait UIInterfaceOrientationLandscapeLeft UIInterfaceOrientationLandscapeRight";
				LD_RUNPATH_SEARCH_PATHS = (
					"$(inherited)",
					"@executable_path/Frameworks",
				);
				MARKETING_VERSION = 1.0;
				PRODUCT_BUNDLE_IDENTIFIER = com.lemonde.xylophone;
				PRODUCT_NAME = "$(TARGET_NAME)";
				SWIFT_EMIT_LOC_STRINGS = YES;
				SWIFT_VERSION = 5.0;
				TARGETED_DEVICE_FAMILY = "1,2";
			};
			name = Debug;
		};
		62C556DB28AA5D71005EB852 /* Release */ = {
			isa = XCBuildConfiguration;
			buildSettings = {
				ASSETCATALOG_COMPILER_APPICON_NAME = AppIcon;
				ASSETCATALOG_COMPILER_GLOBAL_ACCENT_COLOR_NAME = AccentColor;
				CODE_SIGN_STYLE = Automatic;
				CURRENT_PROJECT_VERSION = 1;
				GENERATE_INFOPLIST_FILE = YES;
				INFOPLIST_FILE = xylophone/Info.plist;
				INFOPLIST_KEY_UIApplicationSupportsIndirectInputEvents = YES;
				INFOPLIST_KEY_UILaunchStoryboardName = LaunchScreen;
				INFOPLIST_KEY_UISupportedInterfaceOrientations_iPad = "UIInterfaceOrientationPortrait UIInterfaceOrientationPortraitUpsideDown UIInterfaceOrientationLandscapeLeft UIInterfaceOrientationLandscapeRight";
				INFOPLIST_KEY_UISupportedInterfaceOrientations_iPhone = "UIInterfaceOrientationPortrait UIInterfaceOrientationLandscapeLeft UIInterfaceOrientationLandscapeRight";
				LD_RUNPATH_SEARCH_PATHS = (
					"$(inherited)",
					"@executable_path/Frameworks",
				);
				MARKETING_VERSION = 1.0;
				PRODUCT_BUNDLE_IDENTIFIER = com.lemonde.xylophone;
				PRODUCT_NAME = "$(TARGET_NAME)";
				SWIFT_EMIT_LOC_STRINGS = YES;
				SWIFT_VERSION = 5.0;
				TARGETED_DEVICE_FAMILY = "1,2";
			};
			name = Release;
		};
		62C556DD28AA5D71005EB852 /* Debug */ = {
			isa = XCBuildConfiguration;
			buildSettings = {
				ALWAYS_EMBED_SWIFT_STANDARD_LIBRARIES = YES;
				BUNDLE_LOADER = "$(TEST_HOST)";
				CODE_SIGN_STYLE = Automatic;
				CURRENT_PROJECT_VERSION = 1;
				GENERATE_INFOPLIST_FILE = YES;
				IPHONEOS_DEPLOYMENT_TARGET = 15.5;
				MARKETING_VERSION = 1.0;
				PRODUCT_BUNDLE_IDENTIFIER = com.lemonde.xylophoneTests;
				PRODUCT_NAME = "$(TARGET_NAME)";
				SWIFT_EMIT_LOC_STRINGS = NO;
				SWIFT_VERSION = 5.0;
				TARGETED_DEVICE_FAMILY = "1,2";
				TEST_HOST = "$(BUILT_PRODUCTS_DIR)/xylophone.app/xylophone";
			};
			name = Debug;
		};
		62C556DE28AA5D71005EB852 /* Release */ = {
			isa = XCBuildConfiguration;
			buildSettings = {
				ALWAYS_EMBED_SWIFT_STANDARD_LIBRARIES = YES;
				BUNDLE_LOADER = "$(TEST_HOST)";
				CODE_SIGN_STYLE = Automatic;
				CURRENT_PROJECT_VERSION = 1;
				GENERATE_INFOPLIST_FILE = YES;
				IPHONEOS_DEPLOYMENT_TARGET = 15.5;
				MARKETING_VERSION = 1.0;
				PRODUCT_BUNDLE_IDENTIFIER = com.lemonde.xylophoneTests;
				PRODUCT_NAME = "$(TARGET_NAME)";
				SWIFT_EMIT_LOC_STRINGS = NO;
				SWIFT_VERSION = 5.0;
				TARGETED_DEVICE_FAMILY = "1,2";
				TEST_HOST = "$(BUILT_PRODUCTS_DIR)/xylophone.app/xylophone";
			};
			name = Release;
		};
		62C556E028AA5D71005EB852 /* Debug */ = {
			isa = XCBuildConfiguration;
			buildSettings = {
				ALWAYS_EMBED_SWIFT_STANDARD_LIBRARIES = YES;
				CODE_SIGN_STYLE = Automatic;
				CURRENT_PROJECT_VERSION = 1;
				GENERATE_INFOPLIST_FILE = YES;
				MARKETING_VERSION = 1.0;
				PRODUCT_BUNDLE_IDENTIFIER = com.lemonde.xylophoneUITests;
				PRODUCT_NAME = "$(TARGET_NAME)";
				SWIFT_EMIT_LOC_STRINGS = NO;
				SWIFT_VERSION = 5.0;
				TARGETED_DEVICE_FAMILY = "1,2";
				TEST_TARGET_NAME = xylophone;
			};
			name = Debug;
		};
		62C556E128AA5D71005EB852 /* Release */ = {
			isa = XCBuildConfiguration;
			buildSettings = {
				ALWAYS_EMBED_SWIFT_STANDARD_LIBRARIES = YES;
				CODE_SIGN_STYLE = Automatic;
				CURRENT_PROJECT_VERSION = 1;
				GENERATE_INFOPLIST_FILE = YES;
				MARKETING_VERSION = 1.0;
				PRODUCT_BUNDLE_IDENTIFIER = com.lemonde.xylophoneUITests;
				PRODUCT_NAME = "$(TARGET_NAME)";
				SWIFT_EMIT_LOC_STRINGS = NO;
				SWIFT_VERSION = 5.0;
				TARGETED_DEVICE_FAMILY = "1,2";
				TEST_TARGET_NAME = xylophone;
			};
			name = Release;
		};
/* End XCBuildConfiguration section */

/* Begin XCConfigurationList section */
		62C556AA28AA5D6E005EB852 /* Build configuration list for PBXProject "xylophone" */ = {
			isa = XCConfigurationList;
			buildConfigurations = (
				62C556D728AA5D71005EB852 /* Debug */,
				62C556D828AA5D71005EB852 /* Release */,
			);
			defaultConfigurationIsVisible = 0;
			defaultConfigurationName = Release;
		};
		62C556D928AA5D71005EB852 /* Build configuration list for PBXNativeTarget "xylophone" */ = {
			isa = XCConfigurationList;
			buildConfigurations = (
				62C556DA28AA5D71005EB852 /* Debug */,
				62C556DB28AA5D71005EB852 /* Release */,
			);
			defaultConfigurationIsVisible = 0;
			defaultConfigurationName = Release;
		};
		62C556DC28AA5D71005EB852 /* Build configuration list for PBXNativeTarget "xylophoneTests" */ = {
			isa = XCConfigurationList;
			buildConfigurations = (
				62C556DD28AA5D71005EB852 /* Debug */,
				62C556DE28AA5D71005EB852 /* Release */,
			);
			defaultConfigurationIsVisible = 0;
			defaultConfigurationName = Release;
		};
		62C556DF28AA5D71005EB852 /* Build configuration list for PBXNativeTarget "xylophoneUITests" */ = {
			isa = XCConfigurationList;
			buildConfigurations = (
				62C556E028AA5D71005EB852 /* Debug */,
				62C556E128AA5D71005EB852 /* Release */,
			);
			defaultConfigurationIsVisible = 0;
			defaultConfigurationName = Release;
		};
/* End XCConfigurationList section */
	};
	rootObject = 62C556A728AA5D6E005EB852 /* Project object */;
}
